
Microsoft Visual Studio Solution File, Format Version 12.00
# Visual Studio Version 17
VisualStudioVersion = 17.14.36623.8 d17.14
MinimumVisualStudioVersion = 10.0.40219.1
Project("{FAE04EC0-301F-11D3-BF4B-00C04F79EFBC}") = "OcrCore", "OcrCore\OcrCore.csproj", "{5FA4E225-6918-17D8-1E3D-C6486F6A1B14}"
EndProject
Project("{FAE04EC0-301F-11D3-BF4B-00C04F79EFBC}") = "OcrServer", "OcrServer\OcrServer.csproj", "{FF13BEE9-D0BB-087F-BAF1-969611F9A88F}"
EndProject
Global
	GlobalSection(SolutionConfigurationPlatforms) = preSolution
		Debug|Any CPU = Debug|Any CPU
		Release|Any CPU = Release|Any CPU
	EndGlobalSection
	GlobalSection(ProjectConfigurationPlatforms) = postSolution
		{5FA4E225-6918-17D8-1E3D-C6486F6A1B14}.Debug|Any CPU.ActiveCfg = Debug|Any CPU
		{5FA4E225-6918-17D8-1E3D-C6486F6A1B14}.Debug|Any CPU.Build.0 = Debug|Any CPU
		{5FA4E225-6918-17D8-1E3D-C6486F6A1B14}.Release|Any CPU.ActiveCfg = Release|Any CPU
		{5FA4E225-6918-17D8-1E3D-C6486F6A1B14}.Release|Any CPU.Build.0 = Release|Any CPU
		{FF13BEE9-D0BB-087F-BAF1-969611F9A88F}.Debug|Any CPU.ActiveCfg = Debug|Any CPU
		{FF13BEE9-D0BB-087F-BAF1-969611F9A88F}.Debug|Any CPU.Build.0 = Debug|Any CPU
		{FF13BEE9-D0BB-087F-BAF1-969611F9A88F}.Release|Any CPU.ActiveCfg = Release|Any CPU
		{FF13BEE9-D0BB-087F-BAF1-969611F9A88F}.Release|Any CPU.Build.0 = Release|Any CPU
	EndGlobalSection
	GlobalSection(SolutionProperties) = preSolution
		HideSolutionNode = FALSE
	EndGlobalSection
	GlobalSection(ExtensibilityGlobals) = postSolution
		SolutionGuid = {93D6C79C-1FC4-4842-9DBF-0845B47D3800}
	EndGlobalSection
EndGlobal
